
Microsoft Visual Studio Solution File, Format Version 12.00
# Visual Studio 2013
VisualStudioVersion = 12.0.30723.0
MinimumVisualStudioVersion = 10.0.40219.1
Project("{FAE04EC0-301F-11D3-BF4B-00C04F79EFBC}") = "Factory", "Factory\Factory.csproj", "{143A4EA9-85FE-4173-8560-5F381E70BC98}"
EndProject
Global
	GlobalSection(SolutionConfigurationPlatforms) = preSolution
		Debug|Any CPU = Debug|Any CPU
		Release|Any CPU = Release|Any CPU
	EndGlobalSection
	GlobalSection(ProjectConfigurationPlatforms) = postSolution
		{143A4EA9-85FE-4173-8560-5F381E70BC98}.Debug|Any CPU.ActiveCfg = Debug|Any CPU
		{143A4EA9-85FE-4173-8560-5F381E70BC98}.Debug|Any CPU.Build.0 = Debug|Any CPU
		{143A4EA9-85FE-4173-8560-5F381E70BC98}.Release|Any CPU.ActiveCfg = Release|Any CPU
		{143A4EA9-85FE-4173-8560-5F381E70BC98}.Release|Any CPU.Build.0 = Release|Any CPU
	EndGlobalSection
	GlobalSection(SolutionProperties) = preSolution
		HideSolutionNode = FALSE
	EndGlobalSection
EndGlobal
